{
  "lockfileVersion": 1,
  "configVersion": 1,
  "workspaces": {
    "": {
      "dependencies": {
        "nanoid": "^5.1.14",
      },
    },
  },
  "packages": {
    "nanoid": ["nanoid@5.1.14", "", { "bin": { "nanoid": "bin/nanoid.js" } }, "sha512-5c8l8kVzqpnDPaicbEop/fV0Q1w16FmbWtVhMqugTozAwYdlIQojWH5a/M7UfziFmGdQRrUdV+EPzc9Xng3VAQ=="],
  }
}
